
Microsoft Visual Studio Solution File, Format Version 12.00
# Visual Studio 2013
VisualStudioVersion = 12.0.30723.0
MinimumVisualStudioVersion = 10.0.40219.1
Project("{FAE04EC0-301F-11D3-BF4B-00C04F79EFBC}") = "rpi_ws281x", "rpi_ws281x\rpi_ws281x.csproj", "{59DF165C-E2C8-46FE-886F-1EF3FBCA20FB}"
EndProject
Project("{FAE04EC0-301F-11D3-BF4B-00C04F79EFBC}") = "rpi_ws281x_demo", "rpi_ws281x_demo\rpi_ws281x_demo.csproj", "{6849BD45-2FA9-4706-BB20-E9CE84892D94}"
EndProject
Global
	GlobalSection(SolutionConfigurationPlatforms) = preSolution
		Debug|Any CPU = Debug|Any CPU
		Release|Any CPU = Release|Any CPU
	EndGlobalSection
	GlobalSection(ProjectConfigurationPlatforms) = postSolution
		{59DF165C-E2C8-46FE-886F-1EF3FBCA20FB}.Debug|Any CPU.ActiveCfg = Debug|Any CPU
		{59DF165C-E2C8-46FE-886F-1EF3FBCA20FB}.Debug|Any CPU.Build.0 = Debug|Any CPU
		{59DF165C-E2C8-46FE-886F-1EF3FBCA20FB}.Release|Any CPU.ActiveCfg = Release|Any CPU
		{59DF165C-E2C8-46FE-886F-1EF3FBCA20FB}.Release|Any CPU.Build.0 = Release|Any CPU
		{6849BD45-2FA9-4706-BB20-E9CE84892D94}.Debug|Any CPU.ActiveCfg = Debug|Any CPU
		{6849BD45-2FA9-4706-BB20-E9CE84892D94}.Debug|Any CPU.Build.0 = Debug|Any CPU
		{6849BD45-2FA9-4706-BB20-E9CE84892D94}.Release|Any CPU.ActiveCfg = Release|Any CPU
		{6849BD45-2FA9-4706-BB20-E9CE84892D94}.Release|Any CPU.Build.0 = Release|Any CPU
	EndGlobalSection
	GlobalSection(SolutionProperties) = preSolution
		HideSolutionNode = FALSE
	EndGlobalSection
EndGlobal
